
Microsoft Visual Studio Solution File, Format Version 12.00
# Visual Studio 15
VisualStudioVersion = 15.0.28010.2048
MinimumVisualStudioVersion = 10.0.40219.1
Project("{FAE04EC0-301F-11D3-BF4B-00C04F79EFBC}") = "CsvTabellieren", "CsvTabellieren\CsvTabellieren.csproj", "{D2F936DA-1F38-4157-8B3F-C9FFC0422C3F}"
EndProject
Global
	GlobalSection(SolutionConfigurationPlatforms) = preSolution
		Debug|Any CPU = Debug|Any CPU
		Release|Any CPU = Release|Any CPU
	EndGlobalSection
	GlobalSection(ProjectConfigurationPlatforms) = postSolution
		{D2F936DA-1F38-4157-8B3F-C9FFC0422C3F}.Debug|Any CPU.ActiveCfg = Debug|Any CPU
		{D2F936DA-1F38-4157-8B3F-C9FFC0422C3F}.Debug|Any CPU.Build.0 = Debug|Any CPU
		{D2F936DA-1F38-4157-8B3F-C9FFC0422C3F}.Release|Any CPU.ActiveCfg = Release|Any CPU
		{D2F936DA-1F38-4157-8B3F-C9FFC0422C3F}.Release|Any CPU.Build.0 = Release|Any CPU
	EndGlobalSection
	GlobalSection(SolutionProperties) = preSolution
		HideSolutionNode = FALSE
	EndGlobalSection
	GlobalSection(ExtensibilityGlobals) = postSolution
		SolutionGuid = {2CE1A0CF-08BA-4C33-AF78-68D8C5A304CE}
	EndGlobalSection
EndGlobal
